// !$*UTF8*$!
{
	archiveVersion = 1;
	classes = {
	};
	objectVersion = 48;
	objects = {

/* Begin PBXBuildFile section */
		19FD617388647161443A1C16 /* Pods_GymMeUITests.framework in Frameworks */ = {isa = PBXBuildFile; fileRef = 21833CD67A14964C20C5D9B7 /* Pods_GymMeUITests.framework */; };
		1C123C738D0E7FCF11992316 /* Pods_GymMe.framework in Frameworks */ = {isa = PBXBuildFile; fileRef = D148231E7CFA898EFB8DAF46 /* Pods_GymMe.framework */; };
		310481EC21AC63FC0014FD15 /* FolloweringViewController.swift in Sources */ = {isa = PBXBuildFile; fileRef = 310481EB21AC63FC0014FD15 /* FolloweringViewController.swift */; };
		310481EE21AC85BF0014FD15 /* SpecificSearchViewController.swift in Sources */ = {isa = PBXBuildFile; fileRef = 310481ED21AC85BF0014FD15 /* SpecificSearchViewController.swift */; };
		311DCE2B21FF7B9F0089330E /* CurCatsCollectionViewCell.swift in Sources */ = {isa = PBXBuildFile; fileRef = 311DCE2921FF7B9F0089330E /* CurCatsCollectionViewCell.swift */; };
		311DCE2C21FF7B9F0089330E /* CurCatsCollectionViewCell.xib in Resources */ = {isa = PBXBuildFile; fileRef = 311DCE2A21FF7B9F0089330E /* CurCatsCollectionViewCell.xib */; };
		31359EC920DC183D00F5ED11 /* SearchViewController.swift in Sources */ = {isa = PBXBuildFile; fileRef = 31359EC820DC183D00F5ED11 /* SearchViewController.swift */; };
		31359ECB20DC26C400F5ED11 /* CatCell.swift in Sources */ = {isa = PBXBuildFile; fileRef = 31359ECA20DC26C400F5ED11 /* CatCell.swift */; };
		31359ECD20DC465000F5ED11 /* ProfileViewController.swift in Sources */ = {isa = PBXBuildFile; fileRef = 31359ECC20DC465000F5ED11 /* ProfileViewController.swift */; };
		313EFA7120FFC63600D3CFD0 /* LikedByCollectionViewCell.swift in Sources */ = {isa = PBXBuildFile; fileRef = 313EFA6F20FFC63600D3CFD0 /* LikedByCollectionViewCell.swift */; };
		313EFA7220FFC63600D3CFD0 /* LikedByCollectionViewCell.xib in Resources */ = {isa = PBXBuildFile; fileRef = 313EFA7020FFC63600D3CFD0 /* LikedByCollectionViewCell.xib */; };
		314FACD320D975F9005A5E7C /* AppDelegate.swift in Sources */ = {isa = PBXBuildFile; fileRef = 314FACD220D975F9005A5E7C /* AppDelegate.swift */; };
		314FACD820D975F9005A5E7C /* Main.storyboard in Resources */ = {isa = PBXBuildFile; fileRef = 314FACD620D975F9005A5E7C /* Main.storyboard */; };
		314FACDD20D975F9005A5E7C /* LaunchScreen.storyboard in Resources */ = {isa = PBXBuildFile; fileRef = 314FACDB20D975F9005A5E7C /* LaunchScreen.storyboard */; };
		314FACE820D975F9005A5E7C /* GymMeTests.swift in Sources */ = {isa = PBXBuildFile; fileRef = 314FACE720D975F9005A5E7C /* GymMeTests.swift */; };
		314FACF320D975F9005A5E7C /* GymMeUITests.swift in Sources */ = {isa = PBXBuildFile; fileRef = 314FACF220D975F9005A5E7C /* GymMeUITests.swift */; };
		314FAD0120D97738005A5E7C /* GoogleService-Info.plist in Resources */ = {isa = PBXBuildFile; fileRef = 314FAD0020D97738005A5E7C /* GoogleService-Info.plist */; };
		316A734321556F7900D7B1D5 /* CommentCollectionViewCell.swift in Sources */ = {isa = PBXBuildFile; fileRef = 316A734121556F7900D7B1D5 /* CommentCollectionViewCell.swift */; };
		316A734421556F7900D7B1D5 /* CommentCollectionViewCell.xib in Resources */ = {isa = PBXBuildFile; fileRef = 316A734221556F7900D7B1D5 /* CommentCollectionViewCell.xib */; };
		3184C1F420E5468100A5EA19 /* PopCell.swift in Sources */ = {isa = PBXBuildFile; fileRef = 3184C1F220E5468100A5EA19 /* PopCell.swift */; };
		3184C1F520E5468100A5EA19 /* PopCell.xib in Resources */ = {isa = PBXBuildFile; fileRef = 3184C1F320E5468100A5EA19 /* PopCell.xib */; };
		3184C1F720E5631D00A5EA19 /* Assets.xcassets in Resources */ = {isa = PBXBuildFile; fileRef = 3184C1F620E5631200A5EA19 /* Assets.xcassets */; };
		31875D2B220B703A0086E207 /* UITextField+Extension.swift in Sources */ = {isa = PBXBuildFile; fileRef = 31875D2A220B703A0086E207 /* UITextField+Extension.swift */; };
		318ACAB2213DB5A400DE86E7 /* GoogleService-Info.plist in Resources */ = {isa = PBXBuildFile; fileRef = 318ACAB1213DB5A400DE86E7 /* GoogleService-Info.plist */; };
		3193061520E94B5A00942DCF /* HomeFeedViewController.swift in Sources */ = {isa = PBXBuildFile; fileRef = 3193061420E94B5A00942DCF /* HomeFeedViewController.swift */; };
		3193061920E94C5900942DCF /* NewsFeedCellCollectionViewCell.swift in Sources */ = {isa = PBXBuildFile; fileRef = 3193061820E94C5900942DCF /* NewsFeedCellCollectionViewCell.swift */; };
		31AA6E8C214306D000CF0EFE /* NotificationsViewController.swift in Sources */ = {isa = PBXBuildFile; fileRef = 31AA6E8B214306D000CF0EFE /* NotificationsViewController.swift */; };
		31AA6E8F2143072800CF0EFE /* NotificationCell.swift in Sources */ = {isa = PBXBuildFile; fileRef = 31AA6E8D2143072800CF0EFE /* NotificationCell.swift */; };
		31AA6E902143072800CF0EFE /* NotificationCell.xib in Resources */ = {isa = PBXBuildFile; fileRef = 31AA6E8E2143072800CF0EFE /* NotificationCell.xib */; };
		31B89F85212358D900B32F1D /* LoginRegisterViewController.swift in Sources */ = {isa = PBXBuildFile; fileRef = 31B89F84212358D900B32F1D /* LoginRegisterViewController.swift */; };
		31BF011A2100EA300012F933 /* MessagesTableViewCell.swift in Sources */ = {isa = PBXBuildFile; fileRef = 31BF01182100EA300012F933 /* MessagesTableViewCell.swift */; };
		31BF011B2100EA300012F933 /* MessagesTableViewCell.xib in Resources */ = {isa = PBXBuildFile; fileRef = 31BF01192100EA300012F933 /* MessagesTableViewCell.xib */; };
		31BF011D2100ED530012F933 /* MessagesTableViewController.swift in Sources */ = {isa = PBXBuildFile; fileRef = 31BF011C2100ED530012F933 /* MessagesTableViewController.swift */; };
		31BF011F2101295E0012F933 /* ChatContainer.swift in Sources */ = {isa = PBXBuildFile; fileRef = 31BF011E2101295E0012F933 /* ChatContainer.swift */; };
		31BF0121210129B00012F933 /* ChatViewController.swift in Sources */ = {isa = PBXBuildFile; fileRef = 31BF0120210129B00012F933 /* ChatViewController.swift */; };
		31C48F1420D97EF600D8316E /* NewsFeedCellCollectionViewCell.xib in Resources */ = {isa = PBXBuildFile; fileRef = 31C48F1220D97EF600D8316E /* NewsFeedCellCollectionViewCell.xib */; };
		31C48F1720D9845900D8316E /* NewsFeedPicCollectionViewCell.swift in Sources */ = {isa = PBXBuildFile; fileRef = 31C48F1520D9845900D8316E /* NewsFeedPicCollectionViewCell.swift */; };
		31C48F1820D9845900D8316E /* NewsFeedPicCollectionViewCell.xib in Resources */ = {isa = PBXBuildFile; fileRef = 31C48F1620D9845900D8316E /* NewsFeedPicCollectionViewCell.xib */; };
		31C48F1A20D989BB00D8316E /* FeedData.swift in Sources */ = {isa = PBXBuildFile; fileRef = 31C48F1920D989BB00D8316E /* FeedData.swift */; };
		31C9CAE2218CDEC1005FB93E /* SinglePostViewController.swift in Sources */ = {isa = PBXBuildFile; fileRef = 31C9CAE1218CDEC1005FB93E /* SinglePostViewController.swift */; };
		31EEAE6D20DEB8600015B8B2 /* EditProfileView.swift in Sources */ = {isa = PBXBuildFile; fileRef = 31EEAE6C20DEB8600015B8B2 /* EditProfileView.swift */; };
		31EEAE6F20DEC7A60015B8B2 /* PostViewController.swift in Sources */ = {isa = PBXBuildFile; fileRef = 31EEAE6E20DEC7A60015B8B2 /* PostViewController.swift */; };
		31F0F13B20E4041700291263 /* Player.swift in Sources */ = {isa = PBXBuildFile; fileRef = 31F0F13A20E4041700291263 /* Player.swift */; };
		31F4E0CB20E6993300624E5B /* HockeySDKResources.bundle in Resources */ = {isa = PBXBuildFile; fileRef = 31F4E0CA20E6993200624E5B /* HockeySDKResources.bundle */; };
		31F6C23C20DAF4EE00026C0B /* User.swift in Sources */ = {isa = PBXBuildFile; fileRef = 31F6C23B20DAF4EE00026C0B /* User.swift */; };
		507844056478C566FD404081 /* Pods_GymMeTests.framework in Frameworks */ = {isa = PBXBuildFile; fileRef = B4C7E780D7539B5ABE39B5AF /* Pods_GymMeTests.framework */; };
/* End PBXBuildFile section */

/* Begin PBXContainerItemProxy section */
		314FACE420D975F9005A5E7C /* PBXContainerItemProxy */ = {
			isa = PBXContainerItemProxy;
			containerPortal = 314FACC720D975F9005A5E7C /* Project object */;
			proxyType = 1;
			remoteGlobalIDString = 314FACCE20D975F9005A5E7C;
			remoteInfo = GymMe;
		};
		314FACEF20D975F9005A5E7C /* PBXContainerItemProxy */ = {
			isa = PBXContainerItemProxy;
			containerPortal = 314FACC720D975F9005A5E7C /* Project object */;
			proxyType = 1;
			remoteGlobalIDString = 314FACCE20D975F9005A5E7C;
			remoteInfo = GymMe;
		};
/* End PBXContainerItemProxy section */

/* Begin PBXFileReference section */
		21833CD67A14964C20C5D9B7 /* Pods_GymMeUITests.framework */ = {isa = PBXFileReference; explicitFileType = wrapper.framework; includeInIndex = 0; path = Pods_GymMeUITests.framework; sourceTree = BUILT_PRODUCTS_DIR; };
		310481EB21AC63FC0014FD15 /* FolloweringViewController.swift */ = {isa = PBXFileReference; lastKnownFileType = sourcecode.swift; path = FolloweringViewController.swift; sourceTree = "<group>"; };
		310481ED21AC85BF0014FD15 /* SpecificSearchViewController.swift */ = {isa = PBXFileReference; lastKnownFileType = sourcecode.swift; path = SpecificSearchViewController.swift; sourceTree = "<group>"; };
		311DCE2921FF7B9F0089330E /* CurCatsCollectionViewCell.swift */ = {isa = PBXFileReference; lastKnownFileType = sourcecode.swift; path = CurCatsCollectionViewCell.swift; sourceTree = "<group>"; };
		311DCE2A21FF7B9F0089330E /* CurCatsCollectionViewCell.xib */ = {isa = PBXFileReference; lastKnownFileType = file.xib; path = CurCatsCollectionViewCell.xib; sourceTree = "<group>"; };
		31359EC820DC183D00F5ED11 /* SearchViewController.swift */ = {isa = PBXFileReference; lastKnownFileType = sourcecode.swift; path = SearchViewController.swift; sourceTree = "<group>"; };
		31359ECA20DC26C400F5ED11 /* CatCell.swift */ = {isa = PBXFileReference; lastKnownFileType = sourcecode.swift; path = CatCell.swift; sourceTree = "<group>"; };
		31359ECC20DC465000F5ED11 /* ProfileViewController.swift */ = {isa = PBXFileReference; lastKnownFileType = sourcecode.swift; path = ProfileViewController.swift; sourceTree = "<group>"; };
		313EFA6F20FFC63600D3CFD0 /* LikedByCollectionViewCell.swift */ = {isa = PBXFileReference; lastKnownFileType = sourcecode.swift; path = LikedByCollectionViewCell.swift; sourceTree = "<group>"; };
		313EFA7020FFC63600D3CFD0 /* LikedByCollectionViewCell.xib */ = {isa = PBXFileReference; lastKnownFileType = file.xib; path = LikedByCollectionViewCell.xib; sourceTree = "<group>"; };
		314FACCF20D975F9005A5E7C /* GymMe.app */ = {isa = PBXFileReference; explicitFileType = wrapper.application; includeInIndex = 0; path = GymMe.app; sourceTree = BUILT_PRODUCTS_DIR; };
		314FACD220D975F9005A5E7C /* AppDelegate.swift */ = {isa = PBXFileReference; lastKnownFileType = sourcecode.swift; path = AppDelegate.swift; sourceTree = "<group>"; };
		314FACD720D975F9005A5E7C /* Base */ = {isa = PBXFileReference; lastKnownFileType = file.storyboard; name = Base; path = Base.lproj/Main.storyboard; sourceTree = "<group>"; };
		314FACDC20D975F9005A5E7C /* Base */ = {isa = PBXFileReference; lastKnownFileType = file.storyboard; name = Base; path = Base.lproj/LaunchScreen.storyboard; sourceTree = "<group>"; };
		314FACDE20D975F9005A5E7C /* Info.plist */ = {isa = PBXFileReference; lastKnownFileType = text.plist.xml; path = Info.plist; sourceTree = "<group>"; };
		314FACE320D975F9005A5E7C /* GymMeTests.xctest */ = {isa = PBXFileReference; explicitFileType = wrapper.cfbundle; includeInIndex = 0; path = GymMeTests.xctest; sourceTree = BUILT_PRODUCTS_DIR; };
		314FACE720D975F9005A5E7C /* GymMeTests.swift */ = {isa = PBXFileReference; lastKnownFileType = sourcecode.swift; path = GymMeTests.swift; sourceTree = "<group>"; };
		314FACE920D975F9005A5E7C /* Info.plist */ = {isa = PBXFileReference; lastKnownFileType = text.plist.xml; path = Info.plist; sourceTree = "<group>"; };
		314FACEE20D975F9005A5E7C /* GymMeUITests.xctest */ = {isa = PBXFileReference; explicitFileType = wrapper.cfbundle; includeInIndex = 0; path = GymMeUITests.xctest; sourceTree = BUILT_PRODUCTS_DIR; };
		314FACF220D975F9005A5E7C /* GymMeUITests.swift */ = {isa = PBXFileReference; lastKnownFileType = sourcecode.swift; path = GymMeUITests.swift; sourceTree = "<group>"; };
		314FACF420D975F9005A5E7C /* Info.plist */ = {isa = PBXFileReference; lastKnownFileType = text.plist.xml; path = Info.plist; sourceTree = "<group>"; };
		314FAD0020D97738005A5E7C /* GoogleService-Info.plist */ = {isa = PBXFileReference; fileEncoding = 4; lastKnownFileType = text.plist.xml; path = "GoogleService-Info.plist"; sourceTree = "<group>"; };
		315C660C20E00F2E00188328 /* GymMe.entitlements */ = {isa = PBXFileReference; lastKnownFileType = text.plist.entitlements; path = GymMe.entitlements; sourceTree = "<group>"; };
		316A734121556F7900D7B1D5 /* CommentCollectionViewCell.swift */ = {isa = PBXFileReference; lastKnownFileType = sourcecode.swift; path = CommentCollectionViewCell.swift; sourceTree = "<group>"; };
		316A734221556F7900D7B1D5 /* CommentCollectionViewCell.xib */ = {isa = PBXFileReference; lastKnownFileType = file.xib; path = CommentCollectionViewCell.xib; sourceTree = "<group>"; };
		3184C1F220E5468100A5EA19 /* PopCell.swift */ = {isa = PBXFileReference; lastKnownFileType = sourcecode.swift; path = PopCell.swift; sourceTree = "<group>"; };
		3184C1F320E5468100A5EA19 /* PopCell.xib */ = {isa = PBXFileReference; lastKnownFileType = file.xib; path = PopCell.xib; sourceTree = "<group>"; };
		3184C1F620E5631200A5EA19 /* Assets.xcassets */ = {isa = PBXFileReference; lastKnownFileType = folder.assetcatalog; name = Assets.xcassets; path = GymMe/Assets.xcassets; sourceTree = SOURCE_ROOT; };
		31875D2A220B703A0086E207 /* UITextField+Extension.swift */ = {isa = PBXFileReference; lastKnownFileType = sourcecode.swift; path = "UITextField+Extension.swift"; sourceTree = "<group>"; };
		318ACAB1213DB5A400DE86E7 /* GoogleService-Info.plist */ = {isa = PBXFileReference; fileEncoding = 4; lastKnownFileType = text.plist.xml; path = "GoogleService-Info.plist"; sourceTree = "<group>"; };
		3193061420E94B5A00942DCF /* HomeFeedViewController.swift */ = {isa = PBXFileReference; lastKnownFileType = sourcecode.swift; path = HomeFeedViewController.swift; sourceTree = "<group>"; };
		3193061820E94C5900942DCF /* NewsFeedCellCollectionViewCell.swift */ = {isa = PBXFileReference; lastKnownFileType = sourcecode.swift; path = NewsFeedCellCollectionViewCell.swift; sourceTree = "<group>"; };
		31AA6E8B214306D000CF0EFE /* NotificationsViewController.swift */ = {isa = PBXFileReference; lastKnownFileType = sourcecode.swift; path = NotificationsViewController.swift; sourceTree = "<group>"; };
		31AA6E8D2143072800CF0EFE /* NotificationCell.swift */ = {isa = PBXFileReference; lastKnownFileType = sourcecode.swift; path = NotificationCell.swift; sourceTree = "<group>"; };
		31AA6E8E2143072800CF0EFE /* NotificationCell.xib */ = {isa = PBXFileReference; lastKnownFileType = file.xib; path = NotificationCell.xib; sourceTree = "<group>"; };
		31B89F84212358D900B32F1D /* LoginRegisterViewController.swift */ = {isa = PBXFileReference; lastKnownFileType = sourcecode.swift; path = LoginRegisterViewController.swift; sourceTree = "<group>"; };
		31BF01182100EA300012F933 /* MessagesTableViewCell.swift */ = {isa = PBXFileReference; lastKnownFileType = sourcecode.swift; path = MessagesTableViewCell.swift; sourceTree = "<group>"; };
		31BF01192100EA300012F933 /* MessagesTableViewCell.xib */ = {isa = PBXFileReference; lastKnownFileType = file.xib; path = MessagesTableViewCell.xib; sourceTree = "<group>"; };
		31BF011C2100ED530012F933 /* MessagesTableViewController.swift */ = {isa = PBXFileReference; lastKnownFileType = sourcecode.swift; path = MessagesTableViewController.swift; sourceTree = "<group>"; };
		31BF011E2101295E0012F933 /* ChatContainer.swift */ = {isa = PBXFileReference; lastKnownFileType = sourcecode.swift; path = ChatContainer.swift; sourceTree = "<group>"; };
		31BF0120210129B00012F933 /* ChatViewController.swift */ = {isa = PBXFileReference; lastKnownFileType = sourcecode.swift; path = ChatViewController.swift; sourceTree = "<group>"; };
		31C48F1220D97EF600D8316E /* NewsFeedCellCollectionViewCell.xib */ = {isa = PBXFileReference; lastKnownFileType = file.xib; path = NewsFeedCellCollectionViewCell.xib; sourceTree = "<group>"; };
		31C48F1520D9845900D8316E /* NewsFeedPicCollectionViewCell.swift */ = {isa = PBXFileReference; lastKnownFileType = sourcecode.swift; path = NewsFeedPicCollectionViewCell.swift; sourceTree = "<group>"; };
		31C48F1620D9845900D8316E /* NewsFeedPicCollectionViewCell.xib */ = {isa = PBXFileReference; lastKnownFileType = file.xib; path = NewsFeedPicCollectionViewCell.xib; sourceTree = "<group>"; };
		31C48F1920D989BB00D8316E /* FeedData.swift */ = {isa = PBXFileReference; lastKnownFileType = sourcecode.swift; path = FeedData.swift; sourceTree = "<group>"; };
		31C9CAE1218CDEC1005FB93E /* SinglePostViewController.swift */ = {isa = PBXFileReference; lastKnownFileType = sourcecode.swift; path = SinglePostViewController.swift; sourceTree = "<group>"; };
		31EEAE6C20DEB8600015B8B2 /* EditProfileView.swift */ = {isa = PBXFileReference; lastKnownFileType = sourcecode.swift; path = EditProfileView.swift; sourceTree = "<group>"; };
		31EEAE6E20DEC7A60015B8B2 /* PostViewController.swift */ = {isa = PBXFileReference; lastKnownFileType = sourcecode.swift; path = PostViewController.swift; sourceTree = "<group>"; };
		31F0F13A20E4041700291263 /* Player.swift */ = {isa = PBXFileReference; lastKnownFileType = sourcecode.swift; path = Player.swift; sourceTree = "<group>"; };
		31F4E0CA20E6993200624E5B /* HockeySDKResources.bundle */ = {isa = PBXFileReference; lastKnownFileType = "wrapper.plug-in"; name = HockeySDKResources.bundle; path = "Vendor/HockeySDK-iOS/HockeySDK.embeddedframework/HockeySDKResources.bundle"; sourceTree = "<group>"; };
		31F6C23B20DAF4EE00026C0B /* User.swift */ = {isa = PBXFileReference; lastKnownFileType = sourcecode.swift; path = User.swift; sourceTree = "<group>"; };
		428FF0F06EAF5773F2B8BABD /* Pods-GymMe.release.xcconfig */ = {isa = PBXFileReference; includeInIndex = 1; lastKnownFileType = text.xcconfig; name = "Pods-GymMe.release.xcconfig"; path = "Pods/Target Support Files/Pods-GymMe/Pods-GymMe.release.xcconfig"; sourceTree = "<group>"; };
		4A82CCED512D4F715ED45767 /* Pods-GymMeTests.release.xcconfig */ = {isa = PBXFileReference; includeInIndex = 1; lastKnownFileType = text.xcconfig; name = "Pods-GymMeTests.release.xcconfig"; path = "Pods/Target Support Files/Pods-GymMeTests/Pods-GymMeTests.release.xcconfig"; sourceTree = "<group>"; };
		4ABB60976C6B6D22ECCEEC31 /* Pods-GymMe.debug.xcconfig */ = {isa = PBXFileReference; includeInIndex = 1; lastKnownFileType = text.xcconfig; name = "Pods-GymMe.debug.xcconfig"; path = "Pods/Target Support Files/Pods-GymMe/Pods-GymMe.debug.xcconfig"; sourceTree = "<group>"; };
		5D63E54C6721B74374C94F44 /* Pods-GymMeUITests.release.xcconfig */ = {isa = PBXFileReference; includeInIndex = 1; lastKnownFileType = text.xcconfig; name = "Pods-GymMeUITests.release.xcconfig"; path = "Pods/Target Support Files/Pods-GymMeUITests/Pods-GymMeUITests.release.xcconfig"; sourceTree = "<group>"; };
		91B3FAC410C840CD60755A71 /* Pods-GymMeTests.debug.xcconfig */ = {isa = PBXFileReference; includeInIndex = 1; lastKnownFileType = text.xcconfig; name = "Pods-GymMeTests.debug.xcconfig"; path = "Pods/Target Support Files/Pods-GymMeTests/Pods-GymMeTests.debug.xcconfig"; sourceTree = "<group>"; };
		B4C7E780D7539B5ABE39B5AF /* Pods_GymMeTests.framework */ = {isa = PBXFileReference; explicitFileType = wrapper.framework; includeInIndex = 0; path = Pods_GymMeTests.framework; sourceTree = BUILT_PRODUCTS_DIR; };
		CCE1A76AB3EBCBDAF5C96F47 /* Pods-GymMeUITests.debug.xcconfig */ = {isa = PBXFileReference; includeInIndex = 1; lastKnownFileType = text.xcconfig; name = "Pods-GymMeUITests.debug.xcconfig"; path = "Pods/Target Support Files/Pods-GymMeUITests/Pods-GymMeUITests.debug.xcconfig"; sourceTree = "<group>"; };
		D148231E7CFA898EFB8DAF46 /* Pods_GymMe.framework */ = {isa = PBXFileReference; explicitFileType = wrapper.framework; includeInIndex = 0; path = Pods_GymMe.framework; sourceTree = BUILT_PRODUCTS_DIR; };
/* End PBXFileReference section */

/* Begin PBXFrameworksBuildPhase section */
		314FACCC20D975F9005A5E7C /* Frameworks */ = {
			isa = PBXFrameworksBuildPhase;
			buildActionMask = 2147483647;
			files = (
				1C123C738D0E7FCF11992316 /* Pods_GymMe.framework in Frameworks */,
			);
			runOnlyForDeploymentPostprocessing = 0;
		};
		314FACE020D975F9005A5E7C /* Frameworks */ = {
			isa = PBXFrameworksBuildPhase;
			buildActionMask = 2147483647;
			files = (
				507844056478C566FD404081 /* Pods_GymMeTests.framework in Frameworks */,
			);
			runOnlyForDeploymentPostprocessing = 0;
		};
		314FACEB20D975F9005A5E7C /* Frameworks */ = {
			isa = PBXFrameworksBuildPhase;
			buildActionMask = 2147483647;
			files = (
				19FD617388647161443A1C16 /* Pods_GymMeUITests.framework in Frameworks */,
			);
			runOnlyForDeploymentPostprocessing = 0;
		};
/* End PBXFrameworksBuildPhase section */

/* Begin PBXGroup section */
		31359EC520DC16AD00F5ED11 /* LoginRegister */ = {
			isa = PBXGroup;
			children = (
				31B89F84212358D900B32F1D /* LoginRegisterViewController.swift */,
			);
			path = LoginRegister;
			sourceTree = "<group>";
		};
		31359EC620DC16E700F5ED11 /* NewsFeedCells */ = {
			isa = PBXGroup;
			children = (
				3193061820E94C5900942DCF /* NewsFeedCellCollectionViewCell.swift */,
				31C48F1220D97EF600D8316E /* NewsFeedCellCollectionViewCell.xib */,
				31C48F1520D9845900D8316E /* NewsFeedPicCollectionViewCell.swift */,
				31C48F1620D9845900D8316E /* NewsFeedPicCollectionViewCell.xib */,
			);
			path = NewsFeedCells;
			sourceTree = "<group>";
		};
		31359EC720DC170200F5ED11 /* NewsFeed */ = {
			isa = PBXGroup;
			children = (
				3193061420E94B5A00942DCF /* HomeFeedViewController.swift */,
				31F0F13A20E4041700291263 /* Player.swift */,
			);
			path = NewsFeed;
			sourceTree = "<group>";
		};
		313EFA6D20FFC59300D3CFD0 /* CustomCollectionViewCells */ = {
			isa = PBXGroup;
			children = (
				31CA8BFD2156CD480022FF5A /* CommentCell */,
				31AA6E912143072E00CF0EFE /* NotificationCell */,
				315582CA21024AD400D23226 /* CategoryCell */,
				313EFA6E20FFC5FE00D3CFD0 /* likeCell */,
				318043A220E7EBA900E1616F /* CategoryCell */,
				31359EC620DC16E700F5ED11 /* NewsFeedCells */,
				31E6412120E7EB6C00BEB421 /* PopularPostsCell */,
				311DCE2921FF7B9F0089330E /* CurCatsCollectionViewCell.swift */,
				311DCE2A21FF7B9F0089330E /* CurCatsCollectionViewCell.xib */,
			);
			path = CustomCollectionViewCells;
			sourceTree = "<group>";
		};
		313EFA6E20FFC5FE00D3CFD0 /* likeCell */ = {
			isa = PBXGroup;
			children = (
				313EFA6F20FFC63600D3CFD0 /* LikedByCollectionViewCell.swift */,
				313EFA7020FFC63600D3CFD0 /* LikedByCollectionViewCell.xib */,
			);
			path = likeCell;
			sourceTree = "<group>";
		};
		314FACC620D975F9005A5E7C = {
			isa = PBXGroup;
			children = (
				31F4E0CA20E6993200624E5B /* HockeySDKResources.bundle */,
				314FACD120D975F9005A5E7C /* GymMe */,
				314FACE620D975F9005A5E7C /* GymMeTests */,
				314FACF120D975F9005A5E7C /* GymMeUITests */,
				314FACD020D975F9005A5E7C /* Products */,
				928F0665CBDCF37802541A6A /* Pods */,
				746C5E31B1AE3809A7DB6518 /* Frameworks */,
			);
			sourceTree = "<group>";
		};
		314FACD020D975F9005A5E7C /* Products */ = {
			isa = PBXGroup;
			children = (
				314FACCF20D975F9005A5E7C /* GymMe.app */,
				314FACE320D975F9005A5E7C /* GymMeTests.xctest */,
				314FACEE20D975F9005A5E7C /* GymMeUITests.xctest */,
			);
			name = Products;
			sourceTree = "<group>";
		};
		314FACD120D975F9005A5E7C /* GymMe */ = {
			isa = PBXGroup;
			children = (
				315C660C20E00F2E00188328 /* GymMe.entitlements */,
				31EEAE6B20DEB8250015B8B2 /* Profile */,
				31359EC720DC170200F5ED11 /* NewsFeed */,
				31359EC520DC16AD00F5ED11 /* LoginRegister */,
				31F6C23A20DAF4CA00026C0B /* Model */,
				314FACD220D975F9005A5E7C /* AppDelegate.swift */,
				314FACD620D975F9005A5E7C /* Main.storyboard */,
				314FACDB20D975F9005A5E7C /* LaunchScreen.storyboard */,
				314FACDE20D975F9005A5E7C /* Info.plist */,
				31359EC820DC183D00F5ED11 /* SearchViewController.swift */,
				31EEAE6E20DEC7A60015B8B2 /* PostViewController.swift */,
				318ACAB1213DB5A400DE86E7 /* GoogleService-Info.plist */,
				313EFA6D20FFC59300D3CFD0 /* CustomCollectionViewCells */,
				3184C1F620E5631200A5EA19 /* Assets.xcassets */,
				31BF01182100EA300012F933 /* MessagesTableViewCell.swift */,
				31BF01192100EA300012F933 /* MessagesTableViewCell.xib */,
				31BF011C2100ED530012F933 /* MessagesTableViewController.swift */,
				31BF011E2101295E0012F933 /* ChatContainer.swift */,
				31BF0120210129B00012F933 /* ChatViewController.swift */,
				31AA6E8B214306D000CF0EFE /* NotificationsViewController.swift */,
				31C9CAE1218CDEC1005FB93E /* SinglePostViewController.swift */,
				310481EB21AC63FC0014FD15 /* FolloweringViewController.swift */,
				310481ED21AC85BF0014FD15 /* SpecificSearchViewController.swift */,
				31875D2A220B703A0086E207 /* UITextField+Extension.swift */,
			);
			path = GymMe;
			sourceTree = "<group>";
		};
		314FACE620D975F9005A5E7C /* GymMeTests */ = {
			isa = PBXGroup;
			children = (
				314FACE720D975F9005A5E7C /* GymMeTests.swift */,
				314FACE920D975F9005A5E7C /* Info.plist */,
			);
			path = GymMeTests;
			sourceTree = "<group>";
		};
		314FACF120D975F9005A5E7C /* GymMeUITests */ = {
			isa = PBXGroup;
			children = (
				314FACF220D975F9005A5E7C /* GymMeUITests.swift */,
				314FACF420D975F9005A5E7C /* Info.plist */,
				314FAD0020D97738005A5E7C /* GoogleService-Info.plist */,
			);
			path = GymMeUITests;
			sourceTree = "<group>";
		};
		315582CA21024AD400D23226 /* CategoryCell */ = {
			isa = PBXGroup;
			children = (
			);
			name = CategoryCell;
			path = ../..;
			sourceTree = "<group>";
		};
		318043A220E7EBA900E1616F /* CategoryCell */ = {
			isa = PBXGroup;
			children = (
				31359ECA20DC26C400F5ED11 /* CatCell.swift */,
			);
			name = CategoryCell;
			path = ../..;
			sourceTree = "<group>";
		};
		31AA6E912143072E00CF0EFE /* NotificationCell */ = {
			isa = PBXGroup;
			children = (
				31AA6E8D2143072800CF0EFE /* NotificationCell.swift */,
				31AA6E8E2143072800CF0EFE /* NotificationCell.xib */,
			);
			path = NotificationCell;
			sourceTree = "<group>";
		};
		31CA8BFD2156CD480022FF5A /* CommentCell */ = {
			isa = PBXGroup;
			children = (
				316A734121556F7900D7B1D5 /* CommentCollectionViewCell.swift */,
				316A734221556F7900D7B1D5 /* CommentCollectionViewCell.xib */,
			);
			path = CommentCell;
			sourceTree = "<group>";
		};
		31E6412120E7EB6C00BEB421 /* PopularPostsCell */ = {
			isa = PBXGroup;
			children = (
				3184C1F220E5468100A5EA19 /* PopCell.swift */,
				3184C1F320E5468100A5EA19 /* PopCell.xib */,
			);
			path = PopularPostsCell;
			sourceTree = "<group>";
		};
		31EEAE6B20DEB8250015B8B2 /* Profile */ = {
			isa = PBXGroup;
			children = (
				31359ECC20DC465000F5ED11 /* ProfileViewController.swift */,
				31EEAE6C20DEB8600015B8B2 /* EditProfileView.swift */,
			);
			path = Profile;
			sourceTree = "<group>";
		};
		31F6C23A20DAF4CA00026C0B /* Model */ = {
			isa = PBXGroup;
			children = (
				31C48F1920D989BB00D8316E /* FeedData.swift */,
				31F6C23B20DAF4EE00026C0B /* User.swift */,
			);
			path = Model;
			sourceTree = "<group>";
		};
		746C5E31B1AE3809A7DB6518 /* Frameworks */ = {
			isa = PBXGroup;
			children = (
				D148231E7CFA898EFB8DAF46 /* Pods_GymMe.framework */,
				B4C7E780D7539B5ABE39B5AF /* Pods_GymMeTests.framework */,
				21833CD67A14964C20C5D9B7 /* Pods_GymMeUITests.framework */,
			);
			name = Frameworks;
			sourceTree = "<group>";
		};
		928F0665CBDCF37802541A6A /* Pods */ = {
			isa = PBXGroup;
			children = (
				4ABB60976C6B6D22ECCEEC31 /* Pods-GymMe.debug.xcconfig */,
				428FF0F06EAF5773F2B8BABD /* Pods-GymMe.release.xcconfig */,
				91B3FAC410C840CD60755A71 /* Pods-GymMeTests.debug.xcconfig */,
				4A82CCED512D4F715ED45767 /* Pods-GymMeTests.release.xcconfig */,
				CCE1A76AB3EBCBDAF5C96F47 /* Pods-GymMeUITests.debug.xcconfig */,
				5D63E54C6721B74374C94F44 /* Pods-GymMeUITests.release.xcconfig */,
			);
			name = Pods;
			sourceTree = "<group>";
		};
/* End PBXGroup section */

/* Begin PBXNativeTarget section */
		314FACCE20D975F9005A5E7C /* GymMe */ = {
			isa = PBXNativeTarget;
			buildConfigurationList = 314FACF720D975F9005A5E7C /* Build configuration list for PBXNativeTarget "GymMe" */;
			buildPhases = (
				9CCA28750AFDCF6C21A46556 /* [CP] Check Pods Manifest.lock */,
				314FACCB20D975F9005A5E7C /* Sources */,
				314FACCC20D975F9005A5E7C /* Frameworks */,
				314FACCD20D975F9005A5E7C /* Resources */,
				0E3A5E96541F94E374A5B440 /* [CP] Embed Pods Frameworks */,
				E729F480E5F785B2C199AA50 /* [CP] Copy Pods Resources */,
			);
			buildRules = (
			);
			dependencies = (
			);
			name = GymMe;
			productName = GymMe;
			productReference = 314FACCF20D975F9005A5E7C /* GymMe.app */;
			productType = "com.apple.product-type.application";
		};
		314FACE220D975F9005A5E7C /* GymMeTests */ = {
			isa = PBXNativeTarget;
			buildConfigurationList = 314FACFA20D975F9005A5E7C /* Build configuration list for PBXNativeTarget "GymMeTests" */;
			buildPhases = (
				8862C4C622320189211FC2AF /* [CP] Check Pods Manifest.lock */,
				314FACDF20D975F9005A5E7C /* Sources */,
				314FACE020D975F9005A5E7C /* Frameworks */,
				314FACE120D975F9005A5E7C /* Resources */,
			);
			buildRules = (
			);
			dependencies = (
				314FACE520D975F9005A5E7C /* PBXTargetDependency */,
			);
			name = GymMeTests;
			productName = GymMeTests;
			productReference = 314FACE320D975F9005A5E7C /* GymMeTests.xctest */;
			productType = "com.apple.product-type.bundle.unit-test";
		};
		314FACED20D975F9005A5E7C /* GymMeUITests */ = {
			isa = PBXNativeTarget;
			buildConfigurationList = 314FACFD20D975F9005A5E7C /* Build configuration list for PBXNativeTarget "GymMeUITests" */;
			buildPhases = (
				5B0C5614EA264B5574DE418B /* [CP] Check Pods Manifest.lock */,
				314FACEA20D975F9005A5E7C /* Sources */,
				314FACEB20D975F9005A5E7C /* Frameworks */,
				314FACEC20D975F9005A5E7C /* Resources */,
			);
			buildRules = (
			);
			dependencies = (
				314FACF020D975F9005A5E7C /* PBXTargetDependency */,
			);
			name = GymMeUITests;
			productName = GymMeUITests;
			productReference = 314FACEE20D975F9005A5E7C /* GymMeUITests.xctest */;
			productType = "com.apple.product-type.bundle.ui-testing";
		};
/* End PBXNativeTarget section */

/* Begin PBXProject section */
		314FACC720D975F9005A5E7C /* Project object */ = {
			isa = PBXProject;
			attributes = {
				LastSwiftUpdateCheck = 0910;
				LastUpgradeCheck = 0910;
				ORGANIZATIONNAME = "Thomas Threlkeld";
				TargetAttributes = {
					314FACCE20D975F9005A5E7C = {
						CreatedOnToolsVersion = 9.1;
						ProvisioningStyle = Automatic;
						SystemCapabilities = {
							com.apple.Push = {
								enabled = 1;
							};
						};
					};
					314FACE220D975F9005A5E7C = {
						CreatedOnToolsVersion = 9.1;
						ProvisioningStyle = Automatic;
						TestTargetID = 314FACCE20D975F9005A5E7C;
					};
					314FACED20D975F9005A5E7C = {
						CreatedOnToolsVersion = 9.1;
						ProvisioningStyle = Automatic;
						TestTargetID = 314FACCE20D975F9005A5E7C;
					};
				};
			};
			buildConfigurationList = 314FACCA20D975F9005A5E7C /* Build configuration list for PBXProject "GymMe" */;
			compatibilityVersion = "Xcode 8.0";
			developmentRegion = en;
			hasScannedForEncodings = 0;
			knownRegions = (
				en,
				Base,
			);
			mainGroup = 314FACC620D975F9005A5E7C;
			productRefGroup = 314FACD020D975F9005A5E7C /* Products */;
			projectDirPath = "";
			projectRoot = "";
			targets = (
				314FACCE20D975F9005A5E7C /* GymMe */,
				314FACE220D975F9005A5E7C /* GymMeTests */,
				314FACED20D975F9005A5E7C /* GymMeUITests */,
			);
		};
/* End PBXProject section */

/* Begin PBXResourcesBuildPhase section */
		314FACCD20D975F9005A5E7C /* Resources */ = {
			isa = PBXResourcesBuildPhase;
			buildActionMask = 2147483647;
			files = (
				316A734421556F7900D7B1D5 /* CommentCollectionViewCell.xib in Resources */,
				31AA6E902143072800CF0EFE /* NotificationCell.xib in Resources */,
				31C48F1820D9845900D8316E /* NewsFeedPicCollectionViewCell.xib in Resources */,
				31F4E0CB20E6993300624E5B /* HockeySDKResources.bundle in Resources */,
				314FACDD20D975F9005A5E7C /* LaunchScreen.storyboard in Resources */,
				3184C1F520E5468100A5EA19 /* PopCell.xib in Resources */,
				318ACAB2213DB5A400DE86E7 /* GoogleService-Info.plist in Resources */,
				311DCE2C21FF7B9F0089330E /* CurCatsCollectionViewCell.xib in Resources */,
				3184C1F720E5631D00A5EA19 /* Assets.xcassets in Resources */,
				314FACD820D975F9005A5E7C /* Main.storyboard in Resources */,
				31C48F1420D97EF600D8316E /* NewsFeedCellCollectionViewCell.xib in Resources */,
				313EFA7220FFC63600D3CFD0 /* LikedByCollectionViewCell.xib in Resources */,
				31BF011B2100EA300012F933 /* MessagesTableViewCell.xib in Resources */,
			);
			runOnlyForDeploymentPostprocessing = 0;
		};
		314FACE120D975F9005A5E7C /* Resources */ = {
			isa = PBXResourcesBuildPhase;
			buildActionMask = 2147483647;
			files = (
			);
			runOnlyForDeploymentPostprocessing = 0;
		};
		314FACEC20D975F9005A5E7C /* Resources */ = {
			isa = PBXResourcesBuildPhase;
			buildActionMask = 2147483647;
			files = (
				314FAD0120D97738005A5E7C /* GoogleService-Info.plist in Resources */,
			);
			runOnlyForDeploymentPostprocessing = 0;
		};
/* End PBXResourcesBuildPhase section */

/* Begin PBXShellScriptBuildPhase section */
		0E3A5E96541F94E374A5B440 /* [CP] Embed Pods Frameworks */ = {
			isa = PBXShellScriptBuildPhase;
			buildActionMask = 2147483647;
			files = (
			);
			inputPaths = (
				"${SRCROOT}/Pods/Target Support Files/Pods-GymMe/Pods-GymMe-frameworks.sh",
				"${BUILT_PRODUCTS_DIR}/GTMSessionFetcher/GTMSessionFetcher.framework",
				"${BUILT_PRODUCTS_DIR}/GoogleToolboxForMac/GoogleToolboxForMac.framework",
				"${BUILT_PRODUCTS_DIR}/IQKeyboardManagerSwift/IQKeyboardManagerSwift.framework",
				"${BUILT_PRODUCTS_DIR}/JSQMessagesViewController/JSQMessagesViewController.framework",
				"${BUILT_PRODUCTS_DIR}/JSQSystemSoundPlayer/JSQSystemSoundPlayer.framework",
				"${BUILT_PRODUCTS_DIR}/Protobuf/Protobuf.framework",
				"${BUILT_PRODUCTS_DIR}/PryntTrimmerView/PryntTrimmerView.framework",
				"${BUILT_PRODUCTS_DIR}/SteviaLayout/Stevia.framework",
				"${BUILT_PRODUCTS_DIR}/SwiftOverlays/SwiftOverlays.framework",
				"${BUILT_PRODUCTS_DIR}/YPImagePicker/YPImagePicker.framework",
				"${BUILT_PRODUCTS_DIR}/nanopb/nanopb.framework",
			);
			name = "[CP] Embed Pods Frameworks";
			outputPaths = (
				"${TARGET_BUILD_DIR}/${FRAMEWORKS_FOLDER_PATH}/GTMSessionFetcher.framework",
				"${TARGET_BUILD_DIR}/${FRAMEWORKS_FOLDER_PATH}/GoogleToolboxForMac.framework",
				"${TARGET_BUILD_DIR}/${FRAMEWORKS_FOLDER_PATH}/IQKeyboardManagerSwift.framework",
				"${TARGET_BUILD_DIR}/${FRAMEWORKS_FOLDER_PATH}/JSQMessagesViewController.framework",
				"${TARGET_BUILD_DIR}/${FRAMEWORKS_FOLDER_PATH}/JSQSystemSoundPlayer.framework",
				"${TARGET_BUILD_DIR}/${FRAMEWORKS_FOLDER_PATH}/Protobuf.framework",
				"${TARGET_BUILD_DIR}/${FRAMEWORKS_FOLDER_PATH}/PryntTrimmerView.framework",
				"${TARGET_BUILD_DIR}/${FRAMEWORKS_FOLDER_PATH}/Stevia.framework",
				"${TARGET_BUILD_DIR}/${FRAMEWORKS_FOLDER_PATH}/SwiftOverlays.framework",
				"${TARGET_BUILD_DIR}/${FRAMEWORKS_FOLDER_PATH}/YPImagePicker.framework",
				"${TARGET_BUILD_DIR}/${FRAMEWORKS_FOLDER_PATH}/nanopb.framework",
			);
			runOnlyForDeploymentPostprocessing = 0;
			shellPath = /bin/sh;
			shellScript = "\"${SRCROOT}/Pods/Target Support Files/Pods-GymMe/Pods-GymMe-frameworks.sh\"\n";
			showEnvVarsInLog = 0;
		};
		5B0C5614EA264B5574DE418B /* [CP] Check Pods Manifest.lock */ = {
			isa = PBXShellScriptBuildPhase;
			buildActionMask = 2147483647;
			files = (
			);
			inputPaths = (
				"${PODS_PODFILE_DIR_PATH}/Podfile.lock",
				"${PODS_ROOT}/Manifest.lock",
			);
			name = "[CP] Check Pods Manifest.lock";
			outputPaths = (
				"$(DERIVED_FILE_DIR)/Pods-GymMeUITests-checkManifestLockResult.txt",
			);
			runOnlyForDeploymentPostprocessing = 0;
			shellPath = /bin/sh;
			shellScript = "diff \"${PODS_PODFILE_DIR_PATH}/Podfile.lock\" \"${PODS_ROOT}/Manifest.lock\" > /dev/null\nif [ $? != 0 ] ; then\n    # print error to STDERR\n    echo \"error: The sandbox is not in sync with the Podfile.lock. Run 'pod install' or update your CocoaPods installation.\" >&2\n    exit 1\nfi\n# This output is used by Xcode 'outputs' to avoid re-running this script phase.\necho \"SUCCESS\" > \"${SCRIPT_OUTPUT_FILE_0}\"\n";
			showEnvVarsInLog = 0;
		};
		8862C4C622320189211FC2AF /* [CP] Check Pods Manifest.lock */ = {
			isa = PBXShellScriptBuildPhase;
			buildActionMask = 2147483647;
			files = (
			);
			inputPaths = (
				"${PODS_PODFILE_DIR_PATH}/Podfile.lock",
				"${PODS_ROOT}/Manifest.lock",
			);
			name = "[CP] Check Pods Manifest.lock";
			outputPaths = (
				"$(DERIVED_FILE_DIR)/Pods-GymMeTests-checkManifestLockResult.txt",
			);
			runOnlyForDeploymentPostprocessing = 0;
			shellPath = /bin/sh;
			shellScript = "diff \"${PODS_PODFILE_DIR_PATH}/Podfile.lock\" \"${PODS_ROOT}/Manifest.lock\" > /dev/null\nif [ $? != 0 ] ; then\n    # print error to STDERR\n    echo \"error: The sandbox is not in sync with the Podfile.lock. Run 'pod install' or update your CocoaPods installation.\" >&2\n    exit 1\nfi\n# This output is used by Xcode 'outputs' to avoid re-running this script phase.\necho \"SUCCESS\" > \"${SCRIPT_OUTPUT_FILE_0}\"\n";
			showEnvVarsInLog = 0;
		};
		9CCA28750AFDCF6C21A46556 /* [CP] Check Pods Manifest.lock */ = {
			isa = PBXShellScriptBuildPhase;
			buildActionMask = 2147483647;
			files = (
			);
			inputPaths = (
				"${PODS_PODFILE_DIR_PATH}/Podfile.lock",
				"${PODS_ROOT}/Manifest.lock",
			);
			name = "[CP] Check Pods Manifest.lock";
			outputPaths = (
				"$(DERIVED_FILE_DIR)/Pods-GymMe-checkManifestLockResult.txt",
			);
			runOnlyForDeploymentPostprocessing = 0;
			shellPath = /bin/sh;
			shellScript = "diff \"${PODS_PODFILE_DIR_PATH}/Podfile.lock\" \"${PODS_ROOT}/Manifest.lock\" > /dev/null\nif [ $? != 0 ] ; then\n    # print error to STDERR\n    echo \"error: The sandbox is not in sync with the Podfile.lock. Run 'pod install' or update your CocoaPods installation.\" >&2\n    exit 1\nfi\n# This output is used by Xcode 'outputs' to avoid re-running this script phase.\necho \"SUCCESS\" > \"${SCRIPT_OUTPUT_FILE_0}\"\n";
			showEnvVarsInLog = 0;
		};
		E729F480E5F785B2C199AA50 /* [CP] Copy Pods Resources */ = {
			isa = PBXShellScriptBuildPhase;
			buildActionMask = 2147483647;
			files = (
			);
			inputPaths = (
				"${SRCROOT}/Pods/Target Support Files/Pods-GymMe/Pods-GymMe-resources.sh",
				"${PODS_ROOT}/GoogleMaps/Maps/Frameworks/GoogleMaps.framework/Resources/GoogleMaps.bundle",
				"${PODS_ROOT}/GooglePlacePicker/Frameworks/GooglePlacePicker.framework/Resources/GooglePlacePicker.bundle",
				"${PODS_ROOT}/GooglePlaces/Frameworks/GooglePlaces.framework/Resources/GooglePlaces.bundle",
				"${PODS_CONFIGURATION_BUILD_DIR}/HockeySDK/HockeySDKResources.bundle",
			);
			name = "[CP] Copy Pods Resources";
			outputPaths = (
				"${TARGET_BUILD_DIR}/${UNLOCALIZED_RESOURCES_FOLDER_PATH}/GoogleMaps.bundle",
				"${TARGET_BUILD_DIR}/${UNLOCALIZED_RESOURCES_FOLDER_PATH}/GooglePlacePicker.bundle",
				"${TARGET_BUILD_DIR}/${UNLOCALIZED_RESOURCES_FOLDER_PATH}/GooglePlaces.bundle",
				"${TARGET_BUILD_DIR}/${UNLOCALIZED_RESOURCES_FOLDER_PATH}/HockeySDKResources.bundle",
			);
			runOnlyForDeploymentPostprocessing = 0;
			shellPath = /bin/sh;
			shellScript = "\"${SRCROOT}/Pods/Target Support Files/Pods-GymMe/Pods-GymMe-resources.sh\"\n";
			showEnvVarsInLog = 0;
		};
/* End PBXShellScriptBuildPhase section */

/* Begin PBXSourcesBuildPhase section */
		314FACCB20D975F9005A5E7C /* Sources */ = {
			isa = PBXSourcesBuildPhase;
			buildActionMask = 2147483647;
			files = (
				31875D2B220B703A0086E207 /* UITextField+Extension.swift in Sources */,
				311DCE2B21FF7B9F0089330E /* CurCatsCollectionViewCell.swift in Sources */,
				31EEAE6F20DEC7A60015B8B2 /* PostViewController.swift in Sources */,
				310481EC21AC63FC0014FD15 /* FolloweringViewController.swift in Sources */,
				31BF011D2100ED530012F933 /* MessagesTableViewController.swift in Sources */,
				31BF011A2100EA300012F933 /* MessagesTableViewCell.swift in Sources */,
				31C48F1A20D989BB00D8316E /* FeedData.swift in Sources */,
				31359ECD20DC465000F5ED11 /* ProfileViewController.swift in Sources */,
				31EEAE6D20DEB8600015B8B2 /* EditProfileView.swift in Sources */,
				31F0F13B20E4041700291263 /* Player.swift in Sources */,
				31359EC920DC183D00F5ED11 /* SearchViewController.swift in Sources */,
				313EFA7120FFC63600D3CFD0 /* LikedByCollectionViewCell.swift in Sources */,
				314FACD320D975F9005A5E7C /* AppDelegate.swift in Sources */,
				31BF0121210129B00012F933 /* ChatViewController.swift in Sources */,
				310481EE21AC85BF0014FD15 /* SpecificSearchViewController.swift in Sources */,
				3184C1F420E5468100A5EA19 /* PopCell.swift in Sources */,
				31C9CAE2218CDEC1005FB93E /* SinglePostViewController.swift in Sources */,
				31C48F1720D9845900D8316E /* NewsFeedPicCollectionViewCell.swift in Sources */,
				31AA6E8F2143072800CF0EFE /* NotificationCell.swift in Sources */,
				31359ECB20DC26C400F5ED11 /* CatCell.swift in Sources */,
				31B89F85212358D900B32F1D /* LoginRegisterViewController.swift in Sources */,
				316A734321556F7900D7B1D5 /* CommentCollectionViewCell.swift in Sources */,
				31AA6E8C214306D000CF0EFE /* NotificationsViewController.swift in Sources */,
				31F6C23C20DAF4EE00026C0B /* User.swift in Sources */,
				3193061520E94B5A00942DCF /* HomeFeedViewController.swift in Sources */,
				31BF011F2101295E0012F933 /* ChatContainer.swift in Sources */,
				3193061920E94C5900942DCF /* NewsFeedCellCollectionViewCell.swift in Sources */,
			);
			runOnlyForDeploymentPostprocessing = 0;
		};
		314FACDF20D975F9005A5E7C /* Sources */ = {
			isa = PBXSourcesBuildPhase;
			buildActionMask = 2147483647;
			files = (
				314FACE820D975F9005A5E7C /* GymMeTests.swift in Sources */,
			);
			runOnlyForDeploymentPostprocessing = 0;
		};
		314FACEA20D975F9005A5E7C /* Sources */ = {
			isa = PBXSourcesBuildPhase;
			buildActionMask = 2147483647;
			files = (
				314FACF320D975F9005A5E7C /* GymMeUITests.swift in Sources */,
			);
			runOnlyForDeploymentPostprocessing = 0;
		};
/* End PBXSourcesBuildPhase section */

/* Begin PBXTargetDependency section */
		314FACE520D975F9005A5E7C /* PBXTargetDependency */ = {
			isa = PBXTargetDependency;
			target = 314FACCE20D975F9005A5E7C /* GymMe */;
			targetProxy = 314FACE420D975F9005A5E7C /* PBXContainerItemProxy */;
		};
		314FACF020D975F9005A5E7C /* PBXTargetDependency */ = {
			isa = PBXTargetDependency;
			target = 314FACCE20D975F9005A5E7C /* GymMe */;
			targetProxy = 314FACEF20D975F9005A5E7C /* PBXContainerItemProxy */;
		};
/* End PBXTargetDependency section */

/* Begin PBXVariantGroup section */
		314FACD620D975F9005A5E7C /* Main.storyboard */ = {
			isa = PBXVariantGroup;
			children = (
				314FACD720D975F9005A5E7C /* Base */,
			);
			name = Main.storyboard;
			sourceTree = "<group>";
		};
		314FACDB20D975F9005A5E7C /* LaunchScreen.storyboard */ = {
			isa = PBXVariantGroup;
			children = (
				314FACDC20D975F9005A5E7C /* Base */,
			);
			name = LaunchScreen.storyboard;
			sourceTree = "<group>";
		};
/* End PBXVariantGroup section */

/* Begin XCBuildConfiguration section */
		314FACF520D975F9005A5E7C /* Debug */ = {
			isa = XCBuildConfiguration;
			buildSettings = {
				ALWAYS_SEARCH_USER_PATHS = NO;
				CLANG_ANALYZER_NONNULL = YES;
				CLANG_ANALYZER_NUMBER_OBJECT_CONVERSION = YES_AGGRESSIVE;
				CLANG_CXX_LANGUAGE_STANDARD = "gnu++14";
				CLANG_CXX_LIBRARY = "libc++";
				CLANG_ENABLE_MODULES = YES;
				CLANG_ENABLE_OBJC_ARC = YES;
				CLANG_WARN_BLOCK_CAPTURE_AUTORELEASING = YES;
				CLANG_WARN_BOOL_CONVERSION = YES;
				CLANG_WARN_COMMA = YES;
				CLANG_WARN_CONSTANT_CONVERSION = YES;
				CLANG_WARN_DIRECT_OBJC_ISA_USAGE = YES_ERROR;
				CLANG_WARN_DOCUMENTATION_COMMENTS = YES;
				CLANG_WARN_EMPTY_BODY = YES;
				CLANG_WARN_ENUM_CONVERSION = YES;
				CLANG_WARN_INFINITE_RECURSION = YES;
				CLANG_WARN_INT_CONVERSION = YES;
				CLANG_WARN_NON_LITERAL_NULL_CONVERSION = YES;
				CLANG_WARN_OBJC_LITERAL_CONVERSION = YES;
				CLANG_WARN_OBJC_ROOT_CLASS = YES_ERROR;
				CLANG_WARN_RANGE_LOOP_ANALYSIS = YES;
				CLANG_WARN_STRICT_PROTOTYPES = YES;
				CLANG_WARN_SUSPICIOUS_MOVE = YES;
				CLANG_WARN_UNGUARDED_AVAILABILITY = YES_AGGRESSIVE;
				CLANG_WARN_UNREACHABLE_CODE = YES;
				CLANG_WARN__DUPLICATE_METHOD_MATCH = YES;
				CODE_SIGN_IDENTITY = "iPhone Developer";
				COPY_PHASE_STRIP = NO;
				DEBUG_INFORMATION_FORMAT = dwarf;
				ENABLE_STRICT_OBJC_MSGSEND = YES;
				ENABLE_TESTABILITY = YES;
				GCC_C_LANGUAGE_STANDARD = gnu11;
				GCC_DYNAMIC_NO_PIC = NO;
				GCC_NO_COMMON_BLOCKS = YES;
				GCC_OPTIMIZATION_LEVEL = 0;
				GCC_PREPROCESSOR_DEFINITIONS = (
					"DEBUG=1",
					"$(inherited)",
				);
				GCC_WARN_64_TO_32_BIT_CONVERSION = YES;
				GCC_WARN_ABOUT_RETURN_TYPE = YES_ERROR;
				GCC_WARN_UNDECLARED_SELECTOR = YES;
				GCC_WARN_UNINITIALIZED_AUTOS = YES_AGGRESSIVE;
				GCC_WARN_UNUSED_FUNCTION = YES;
				GCC_WARN_UNUSED_VARIABLE = YES;
				IPHONEOS_DEPLOYMENT_TARGET = 11.1;
				MTL_ENABLE_DEBUG_INFO = YES;
				ONLY_ACTIVE_ARCH = YES;
				SDKROOT = iphoneos;
				SWIFT_ACTIVE_COMPILATION_CONDITIONS = DEBUG;
				SWIFT_OPTIMIZATION_LEVEL = "-Onone";
			};
			name = Debug;
		};
		314FACF620D975F9005A5E7C /* Release */ = {
			isa = XCBuildConfiguration;
			buildSettings = {
				ALWAYS_SEARCH_USER_PATHS = NO;
				CLANG_ANALYZER_NONNULL = YES;
				CLANG_ANALYZER_NUMBER_OBJECT_CONVERSION = YES_AGGRESSIVE;
				CLANG_CXX_LANGUAGE_STANDARD = "gnu++14";
				CLANG_CXX_LIBRARY = "libc++";
				CLANG_ENABLE_MODULES = YES;
				CLANG_ENABLE_OBJC_ARC = YES;
				CLANG_WARN_BLOCK_CAPTURE_AUTORELEASING = YES;
				CLANG_WARN_BOOL_CONVERSION = YES;
				CLANG_WARN_COMMA = YES;
				CLANG_WARN_CONSTANT_CONVERSION = YES;
				CLANG_WARN_DIRECT_OBJC_ISA_USAGE = YES_ERROR;
				CLANG_WARN_DOCUMENTATION_COMMENTS = YES;
				CLANG_WARN_EMPTY_BODY = YES;
				CLANG_WARN_ENUM_CONVERSION = YES;
				CLANG_WARN_INFINITE_RECURSION = YES;
				CLANG_WARN_INT_CONVERSION = YES;
				CLANG_WARN_NON_LITERAL_NULL_CONVERSION = YES;
				CLANG_WARN_OBJC_LITERAL_CONVERSION = YES;
				CLANG_WARN_OBJC_ROOT_CLASS = YES_ERROR;
				CLANG_WARN_RANGE_LOOP_ANALYSIS = YES;
				CLANG_WARN_STRICT_PROTOTYPES = YES;
				CLANG_WARN_SUSPICIOUS_MOVE = YES;
				CLANG_WARN_UNGUARDED_AVAILABILITY = YES_AGGRESSIVE;
				CLANG_WARN_UNREACHABLE_CODE = YES;
				CLANG_WARN__DUPLICATE_METHOD_MATCH = YES;
				CODE_SIGN_IDENTITY = "iPhone Developer";
				COPY_PHASE_STRIP = NO;
				DEBUG_INFORMATION_FORMAT = "dwarf-with-dsym";
				ENABLE_NS_ASSERTIONS = NO;
				ENABLE_STRICT_OBJC_MSGSEND = YES;
				GCC_C_LANGUAGE_STANDARD = gnu11;
				GCC_NO_COMMON_BLOCKS = YES;
				GCC_WARN_64_TO_32_BIT_CONVERSION = YES;
				GCC_WARN_ABOUT_RETURN_TYPE = YES_ERROR;
				GCC_WARN_UNDECLARED_SELECTOR = YES;
				GCC_WARN_UNINITIALIZED_AUTOS = YES_AGGRESSIVE;
				GCC_WARN_UNUSED_FUNCTION = YES;
				GCC_WARN_UNUSED_VARIABLE = YES;
				IPHONEOS_DEPLOYMENT_TARGET = 11.1;
				MTL_ENABLE_DEBUG_INFO = NO;
				SDKROOT = iphoneos;
				SWIFT_OPTIMIZATION_LEVEL = "-Owholemodule";
				VALIDATE_PRODUCT = YES;
			};
			name = Release;
		};
		314FACF820D975F9005A5E7C /* Debug */ = {
			isa = XCBuildConfiguration;
			baseConfigurationReference = 4ABB60976C6B6D22ECCEEC31 /* Pods-GymMe.debug.xcconfig */;
			buildSettings = {
				ASSETCATALOG_COMPILER_APPICON_NAME = AppIcon;
				ASSETCATALOG_COMPILER_LAUNCHIMAGE_NAME = LaunchImage;
				CODE_SIGN_ENTITLEMENTS = GymMe/GymMe.entitlements;
				CODE_SIGN_IDENTITY = "iPhone Developer";
				CODE_SIGN_STYLE = Automatic;
				DEVELOPMENT_TEAM = 2A8TEKG3F8;
				ENABLE_BITCODE = YES;
				FRAMEWORK_SEARCH_PATHS = "$(inherited)";
				INFOPLIST_FILE = GymMe/Info.plist;
				IPHONEOS_DEPLOYMENT_TARGET = 10.0;
				LD_RUNPATH_SEARCH_PATHS = "$(inherited) @executable_path/Frameworks";
				PRODUCT_BUNDLE_IDENTIFIER = com.tthrelk.GymMe;
				PRODUCT_NAME = "$(TARGET_NAME)";
				PROVISIONING_PROFILE = "";
				PROVISIONING_PROFILE_SPECIFIER = "";
				SWIFT_VERSION = 4.0;
				TARGETED_DEVICE_FAMILY = 1;
			};
			name = Debug;
		};
		314FACF920D975F9005A5E7C /* Release */ = {
			isa = XCBuildConfiguration;
			baseConfigurationReference = 428FF0F06EAF5773F2B8BABD /* Pods-GymMe.release.xcconfig */;
			buildSettings = {
				ASSETCATALOG_COMPILER_APPICON_NAME = AppIcon;
				ASSETCATALOG_COMPILER_LAUNCHIMAGE_NAME = LaunchImage;
				CODE_SIGN_ENTITLEMENTS = GymMe/GymMe.entitlements;
				CODE_SIGN_IDENTITY = "iPhone Developer";
				CODE_SIGN_STYLE = Automatic;
				DEVELOPMENT_TEAM = 2A8TEKG3F8;
				ENABLE_BITCODE = YES;
				FRAMEWORK_SEARCH_PATHS = "$(inherited)";
				INFOPLIST_FILE = GymMe/Info.plist;
				IPHONEOS_DEPLOYMENT_TARGET = 10.0;
				LD_RUNPATH_SEARCH_PATHS = "$(inherited) @executable_path/Frameworks";
				PRODUCT_BUNDLE_IDENTIFIER = com.tthrelk.GymMe;
				PRODUCT_NAME = "$(TARGET_NAME)";
				PROVISIONING_PROFILE = "";
				PROVISIONING_PROFILE_SPECIFIER = "";
				SWIFT_VERSION = 4.0;
				TARGETED_DEVICE_FAMILY = 1;
			};
			name = Release;
		};
		314FACFB20D975F9005A5E7C /* Debug */ = {
			isa = XCBuildConfiguration;
			baseConfigurationReference = 91B3FAC410C840CD60755A71 /* Pods-GymMeTests.debug.xcconfig */;
			buildSettings = {
				ALWAYS_EMBED_SWIFT_STANDARD_LIBRARIES = YES;
				BUNDLE_LOADER = "$(TEST_HOST)";
				CODE_SIGN_STYLE = Automatic;
				INFOPLIST_FILE = GymMeTests/Info.plist;
				LD_RUNPATH_SEARCH_PATHS = "$(inherited) @executable_path/Frameworks @loader_path/Frameworks";
				PRODUCT_BUNDLE_IDENTIFIER = com.tthrelk.GymMeTests;
				PRODUCT_NAME = "$(TARGET_NAME)";
				SWIFT_VERSION = 4.0;
				TARGETED_DEVICE_FAMILY = "1,2";
				TEST_HOST = "$(BUILT_PRODUCTS_DIR)/GymMe.app/GymMe";
			};
			name = Debug;
		};
		314FACFC20D975F9005A5E7C /* Release */ = {
			isa = XCBuildConfiguration;
			baseConfigurationReference = 4A82CCED512D4F715ED45767 /* Pods-GymMeTests.release.xcconfig */;
			buildSettings = {
				ALWAYS_EMBED_SWIFT_STANDARD_LIBRARIES = YES;
				BUNDLE_LOADER = "$(TEST_HOST)";
				CODE_SIGN_STYLE = Automatic;
				INFOPLIST_FILE = GymMeTests/Info.plist;
				LD_RUNPATH_SEARCH_PATHS = "$(inherited) @executable_path/Frameworks @loader_path/Frameworks";
				PRODUCT_BUNDLE_IDENTIFIER = com.tthrelk.GymMeTests;
				PRODUCT_NAME = "$(TARGET_NAME)";
				SWIFT_VERSION = 4.0;
				TARGETED_DEVICE_FAMILY = "1,2";
				TEST_HOST = "$(BUILT_PRODUCTS_DIR)/GymMe.app/GymMe";
			};
			name = Release;
		};
		314FACFE20D975F9005A5E7C /* Debug */ = {
			isa = XCBuildConfiguration;
			baseConfigurationReference = CCE1A76AB3EBCBDAF5C96F47 /* Pods-GymMeUITests.debug.xcconfig */;
			buildSettings = {
				ALWAYS_EMBED_SWIFT_STANDARD_LIBRARIES = YES;
				CODE_SIGN_STYLE = Automatic;
				INFOPLIST_FILE = GymMeUITests/Info.plist;
				LD_RUNPATH_SEARCH_PATHS = "$(inherited) @executable_path/Frameworks @loader_path/Frameworks";
				PRODUCT_BUNDLE_IDENTIFIER = com.tthrelk.GymMeUITests;
				PRODUCT_NAME = "$(TARGET_NAME)";
				SWIFT_VERSION = 4.0;
				TARGETED_DEVICE_FAMILY = "1,2";
				TEST_TARGET_NAME = GymMe;
			};
			name = Debug;
		};
		314FACFF20D975F9005A5E7C /* Release */ = {
			isa = XCBuildConfiguration;
			baseConfigurationReference = 5D63E54C6721B74374C94F44 /* Pods-GymMeUITests.release.xcconfig */;
			buildSettings = {
				ALWAYS_EMBED_SWIFT_STANDARD_LIBRARIES = YES;
				CODE_SIGN_STYLE = Automatic;
				INFOPLIST_FILE = GymMeUITests/Info.plist;
				LD_RUNPATH_SEARCH_PATHS = "$(inherited) @executable_path/Frameworks @loader_path/Frameworks";
				PRODUCT_BUNDLE_IDENTIFIER = com.tthrelk.GymMeUITests;
				PRODUCT_NAME = "$(TARGET_NAME)";
				SWIFT_VERSION = 4.0;
				TARGETED_DEVICE_FAMILY = "1,2";
				TEST_TARGET_NAME = GymMe;
			};
			name = Release;
		};
/* End XCBuildConfiguration section */

/* Begin XCConfigurationList section */
		314FACCA20D975F9005A5E7C /* Build configuration list for PBXProject "GymMe" */ = {
			isa = XCConfigurationList;
			buildConfigurations = (
				314FACF520D975F9005A5E7C /* Debug */,
				314FACF620D975F9005A5E7C /* Release */,
			);
			defaultConfigurationIsVisible = 0;
			defaultConfigurationName = Release;
		};
		314FACF720D975F9005A5E7C /* Build configuration list for PBXNativeTarget "GymMe" */ = {
			isa = XCConfigurationList;
			buildConfigurations = (
				314FACF820D975F9005A5E7C /* Debug */,
				314FACF920D975F9005A5E7C /* Release */,
			);
			defaultConfigurationIsVisible = 0;
			defaultConfigurationName = Release;
		};
		314FACFA20D975F9005A5E7C /* Build configuration list for PBXNativeTarget "GymMeTests" */ = {
			isa = XCConfigurationList;
			buildConfigurations = (
				314FACFB20D975F9005A5E7C /* Debug */,
				314FACFC20D975F9005A5E7C /* Release */,
			);
			defaultConfigurationIsVisible = 0;
			defaultConfigurationName = Release;
		};
		314FACFD20D975F9005A5E7C /* Build configuration list for PBXNativeTarget "GymMeUITests" */ = {
			isa = XCConfigurationList;
			buildConfigurations = (
				314FACFE20D975F9005A5E7C /* Debug */,
				314FACFF20D975F9005A5E7C /* Release */,
			);
			defaultConfigurationIsVisible = 0;
			defaultConfigurationName = Release;
		};
/* End XCConfigurationList section */
	};
	rootObject = 314FACC720D975F9005A5E7C /* Project object */;
}
